
Microsoft Visual Studio Solution File, Format Version 12.00
# Visual Studio Version 17
VisualStudioVersion = 17.11.35327.3
MinimumVisualStudioVersion = 10.0.40219.1
Project("{8BC9CEB8-8B4A-11D0-8D11-00A0C91BC942}") = "provimi1", "provimi1\provimi1.vcxproj", "{CCDE1941-CAF9-4F7B-AAE6-337A2739173A}"
EndProject
Global
	GlobalSection(SolutionConfigurationPlatforms) = preSolution
		Debug|x64 = Debug|x64
		Debug|x86 = Debug|x86
		Release|x64 = Release|x64
		Release|x86 = Release|x86
	EndGlobalSection
	GlobalSection(ProjectConfigurationPlatforms) = postSolution
		{CCDE1941-CAF9-4F7B-AAE6-337A2739173A}.Debug|x64.ActiveCfg = Debug|x64
		{CCDE1941-CAF9-4F7B-AAE6-337A2739173A}.Debug|x64.Build.0 = Debug|x64
		{CCDE1941-CAF9-4F7B-AAE6-337A2739173A}.Debug|x86.ActiveCfg = Debug|Win32
		{CCDE1941-CAF9-4F7B-AAE6-337A2739173A}.Debug|x86.Build.0 = Debug|Win32
		{CCDE1941-CAF9-4F7B-AAE6-337A2739173A}.Release|x64.ActiveCfg = Release|x64
		{CCDE1941-CAF9-4F7B-AAE6-337A2739173A}.Release|x64.Build.0 = Release|x64
		{CCDE1941-CAF9-4F7B-AAE6-337A2739173A}.Release|x86.ActiveCfg = Release|Win32
		{CCDE1941-CAF9-4F7B-AAE6-337A2739173A}.Release|x86.Build.0 = Release|Win32
	EndGlobalSection
	GlobalSection(SolutionProperties) = preSolution
		HideSolutionNode = FALSE
	EndGlobalSection
	GlobalSection(ExtensibilityGlobals) = postSolution
		SolutionGuid = {579BC951-C8E5-4032-870E-FC23D61486FA}
	EndGlobalSection
EndGlobal
